
Microsoft Visual Studio Solution File, Format Version 12.00
Project("{FAE04EC0-301F-11D3-BF4B-00C04F79EFBC}") = "MovieReservation", "MovieReservation.csproj", "{B8E8F14A-A385-4464-B08C-AE64E87A41E6}"
EndProject
Project("{2150E333-8FDC-42A3-9474-1A3956D46DE8}") = "Solution Items", "Solution Items", "{D1830BA4-3DB5-427A-B677-7A0F5D00C98C}"
	ProjectSection(SolutionItems) = preProject
		compose.yaml = compose.yaml
	EndProjectSection
EndProject
Global
	GlobalSection(SolutionConfigurationPlatforms) = preSolution
		Debug|Any CPU = Debug|Any CPU
		Release|Any CPU = Release|Any CPU
	EndGlobalSection
	GlobalSection(ProjectConfigurationPlatforms) = postSolution
		{B8E8F14A-A385-4464-B08C-AE64E87A41E6}.Debug|Any CPU.ActiveCfg = Debug|Any CPU
		{B8E8F14A-A385-4464-B08C-AE64E87A41E6}.Debug|Any CPU.Build.0 = Debug|Any CPU
		{B8E8F14A-A385-4464-B08C-AE64E87A41E6}.Release|Any CPU.ActiveCfg = Release|Any CPU
		{B8E8F14A-A385-4464-B08C-AE64E87A41E6}.Release|Any CPU.Build.0 = Release|Any CPU
	EndGlobalSection
EndGlobal
